
Microsoft Visual Studio Solution File, Format Version 12.00
# Visual Studio 15
VisualStudioVersion = 15.0.27703.2035
MinimumVisualStudioVersion = 10.0.40219.1
Project("{FAE04EC0-301F-11D3-BF4B-00C04F79EFBC}") = "YYSCognexTool", "YYSCognexTool\YYSCognexTool.csproj", "{4FB3D839-6614-44F0-B75D-46ACC16CB934}"
EndProject
Project("{FAE04EC0-301F-11D3-BF4B-00C04F79EFBC}") = "YYSOpenCVTool", "YYSOpenCVTool\YYSOpenCVTool.csproj", "{B3CD2212-950C-423D-BCB2-D02B59557002}"
EndProject
Global
	GlobalSection(SolutionConfigurationPlatforms) = preSolution
		Debug|Any CPU = Debug|Any CPU
		Debug|x86 = Debug|x86
		Release|Any CPU = Release|Any CPU
		Release|x86 = Release|x86
	EndGlobalSection
	GlobalSection(ProjectConfigurationPlatforms) = postSolution
		{4FB3D839-6614-44F0-B75D-46ACC16CB934}.Debug|Any CPU.ActiveCfg = Debug|Any CPU
		{4FB3D839-6614-44F0-B75D-46ACC16CB934}.Debug|Any CPU.Build.0 = Debug|Any CPU
		{4FB3D839-6614-44F0-B75D-46ACC16CB934}.Debug|x86.ActiveCfg = Debug|x64
		{4FB3D839-6614-44F0-B75D-46ACC16CB934}.Debug|x86.Build.0 = Debug|x64
		{4FB3D839-6614-44F0-B75D-46ACC16CB934}.Release|Any CPU.ActiveCfg = Release|Any CPU
		{4FB3D839-6614-44F0-B75D-46ACC16CB934}.Release|Any CPU.Build.0 = Release|Any CPU
		{4FB3D839-6614-44F0-B75D-46ACC16CB934}.Release|x86.ActiveCfg = Release|x86
		{4FB3D839-6614-44F0-B75D-46ACC16CB934}.Release|x86.Build.0 = Release|x86
		{B3CD2212-950C-423D-BCB2-D02B59557002}.Debug|Any CPU.ActiveCfg = Debug|Any CPU
		{B3CD2212-950C-423D-BCB2-D02B59557002}.Debug|Any CPU.Build.0 = Debug|Any CPU
		{B3CD2212-950C-423D-BCB2-D02B59557002}.Debug|x86.ActiveCfg = Debug|Any CPU
		{B3CD2212-950C-423D-BCB2-D02B59557002}.Debug|x86.Build.0 = Debug|Any CPU
		{B3CD2212-950C-423D-BCB2-D02B59557002}.Release|Any CPU.ActiveCfg = Release|Any CPU
		{B3CD2212-950C-423D-BCB2-D02B59557002}.Release|Any CPU.Build.0 = Release|Any CPU
		{B3CD2212-950C-423D-BCB2-D02B59557002}.Release|x86.ActiveCfg = Release|Any CPU
		{B3CD2212-950C-423D-BCB2-D02B59557002}.Release|x86.Build.0 = Release|Any CPU
	EndGlobalSection
	GlobalSection(SolutionProperties) = preSolution
		HideSolutionNode = FALSE
	EndGlobalSection
	GlobalSection(ExtensibilityGlobals) = postSolution
		SolutionGuid = {7FB9CCC3-059E-42A9-A590-CA9A379E9814}
	EndGlobalSection
EndGlobal
